
Microsoft Visual Studio Solution File, Format Version 12.00
# Visual Studio Version 17
VisualStudioVersion = 17.14.36221.1
MinimumVisualStudioVersion = 10.0.40219.1
Project("{FAE04EC0-301F-11D3-BF4B-00C04F79EFBC}") = "OledSharp", "OledSharp\OledSharp.csproj", "{C9872005-95B8-46F3-987D-2A03586028EE}"
EndProject
Project("{FAE04EC0-301F-11D3-BF4B-00C04F79EFBC}") = "OledSharp.SSD1306", "OledSharp.SSD1306\OledSharp.SSD1306.csproj", "{D9EE76C1-16BF-4D15-AED3-336BFF6FC24F}"
EndProject
Project("{FAE04EC0-301F-11D3-BF4B-00C04F79EFBC}") = "OledSharp.Png", "OledSharp.Png\OledSharp.Png.csproj", "{F5202EE1-9EE3-42BF-9653-28F8F1E68667}"
EndProject
Project("{FAE04EC0-301F-11D3-BF4B-00C04F79EFBC}") = "OledSharp.Png.Tests", "OledSharp.Png.Tests\OledSharp.Png.Tests.csproj", "{4723AD86-F52C-41B5-AD64-F990AA30CEED}"
EndProject
Project("{FAE04EC0-301F-11D3-BF4B-00C04F79EFBC}") = "OledSharp.Tests", "OledSharp.Tests\OledSharp.Tests.csproj", "{8A96AE72-B322-4050-90C4-2BCB6578F1EC}"
EndProject
Global
	GlobalSection(SolutionConfigurationPlatforms) = preSolution
		Debug|Any CPU = Debug|Any CPU
		Release|Any CPU = Release|Any CPU
	EndGlobalSection
	GlobalSection(ProjectConfigurationPlatforms) = postSolution
		{C9872005-95B8-46F3-987D-2A03586028EE}.Debug|Any CPU.ActiveCfg = Debug|Any CPU
		{C9872005-95B8-46F3-987D-2A03586028EE}.Debug|Any CPU.Build.0 = Debug|Any CPU
		{C9872005-95B8-46F3-987D-2A03586028EE}.Release|Any CPU.ActiveCfg = Release|Any CPU
		{C9872005-95B8-46F3-987D-2A03586028EE}.Release|Any CPU.Build.0 = Release|Any CPU
		{D9EE76C1-16BF-4D15-AED3-336BFF6FC24F}.Debug|Any CPU.ActiveCfg = Debug|Any CPU
		{D9EE76C1-16BF-4D15-AED3-336BFF6FC24F}.Debug|Any CPU.Build.0 = Debug|Any CPU
		{D9EE76C1-16BF-4D15-AED3-336BFF6FC24F}.Release|Any CPU.ActiveCfg = Release|Any CPU
		{D9EE76C1-16BF-4D15-AED3-336BFF6FC24F}.Release|Any CPU.Build.0 = Release|Any CPU
		{F5202EE1-9EE3-42BF-9653-28F8F1E68667}.Debug|Any CPU.ActiveCfg = Debug|Any CPU
		{F5202EE1-9EE3-42BF-9653-28F8F1E68667}.Debug|Any CPU.Build.0 = Debug|Any CPU
		{F5202EE1-9EE3-42BF-9653-28F8F1E68667}.Release|Any CPU.ActiveCfg = Release|Any CPU
		{F5202EE1-9EE3-42BF-9653-28F8F1E68667}.Release|Any CPU.Build.0 = Release|Any CPU
		{4723AD86-F52C-41B5-AD64-F990AA30CEED}.Debug|Any CPU.ActiveCfg = Debug|Any CPU
		{4723AD86-F52C-41B5-AD64-F990AA30CEED}.Debug|Any CPU.Build.0 = Debug|Any CPU
		{4723AD86-F52C-41B5-AD64-F990AA30CEED}.Release|Any CPU.ActiveCfg = Release|Any CPU
		{4723AD86-F52C-41B5-AD64-F990AA30CEED}.Release|Any CPU.Build.0 = Release|Any CPU
		{8A96AE72-B322-4050-90C4-2BCB6578F1EC}.Debug|Any CPU.ActiveCfg = Debug|Any CPU
		{8A96AE72-B322-4050-90C4-2BCB6578F1EC}.Debug|Any CPU.Build.0 = Debug|Any CPU
		{8A96AE72-B322-4050-90C4-2BCB6578F1EC}.Release|Any CPU.ActiveCfg = Release|Any CPU
		{8A96AE72-B322-4050-90C4-2BCB6578F1EC}.Release|Any CPU.Build.0 = Release|Any CPU
	EndGlobalSection
	GlobalSection(SolutionProperties) = preSolution
		HideSolutionNode = FALSE
	EndGlobalSection
	GlobalSection(ExtensibilityGlobals) = postSolution
		SolutionGuid = {80C3D668-5D1A-43AD-9400-F07F6CF562CE}
	EndGlobalSection
EndGlobal
